{
  "name": "example-basic-api",
  "lockfileVersion": 3,
  "requires": true,
  "packages": {
    "": {
      "name": "example-basic-api",
      "dependencies": {
        "anvil": "file:../..",
        "zod": "^3.23.8"
      }
    },
    "../..": {
      "name": "anvil",
      "version": "0.0.1",
      "license": "MIT",
      "dependencies": {
        "chokidar": "^3.6.0",
        "commander": "^12.1.0",
        "esbuild": "^0.21.5",
        "jiti": "^2.4.2",
        "zod": "^3.23.8"
      },
      "bin": {
        "anvil": "dist/cli/index.js"
      },
      "devDependencies": {
        "@types/node": "^20.14.0",
        "eslint": "^9.9.0",
        "tsup": "^8.2.0",
        "typescript": "^5.5.4",
        "typescript-eslint": "^8.0.0",
        "vitest": "^2.0.5"
      },
      "engines": {
        "node": ">=20.0.0"
      }
    },
    "node_modules/anvil": {
      "resolved": "../..",
      "link": true
    },
    "node_modules/zod": {
      "version": "3.25.76",
      "resolved": "https://registry.npmjs.org/zod/-/zod-3.25.76.tgz",
      "integrity": "sha512-gzUt/qt81nXsFGKIFcC3YnfEAx5NkunCfnDlvuBSSFS02bcXu4Lmea0AFIUwbLWxWPx3d9p8S5QoaujKcNQxcQ==",
      "license": "MIT",
      "funding": {
        "url": "https://github.com/sponsors/colinhacks"
      }
    }
  }
}
